// !$*UTF8*$!
{
	archiveVersion = 1;
	classes = {
	};
	objectVersion = 50;
	objects = {

/* Begin PBXBuildFile section */
		9ADC2E4D23CFFCED004BD951 /* AppDelegate.swift in Sources */ = {isa = PBXBuildFile; fileRef = 9ADC2E4C23CFFCED004BD951 /* AppDelegate.swift */; };
		9ADC2E4F23CFFCED004BD951 /* SceneDelegate.swift in Sources */ = {isa = PBXBuildFile; fileRef = 9ADC2E4E23CFFCED004BD951 /* SceneDelegate.swift */; };
		9ADC2E5123CFFCED004BD951 /* ViewController.swift in Sources */ = {isa = PBXBuildFile; fileRef = 9ADC2E5023CFFCED004BD951 /* ViewController.swift */; };
		9ADC2E5423CFFCED004BD951 /* Main.storyboard in Resources */ = {isa = PBXBuildFile; fileRef = 9ADC2E5223CFFCED004BD951 /* Main.storyboard */; };
		9ADC2E5623CFFCF6004BD951 /* Assets.xcassets in Resources */ = {isa = PBXBuildFile; fileRef = 9ADC2E5523CFFCF6004BD951 /* Assets.xcassets */; };
		9ADC2E5923CFFCF6004BD951 /* LaunchScreen.storyboard in Resources */ = {isa = PBXBuildFile; fileRef = 9ADC2E5723CFFCF6004BD951 /* LaunchScreen.storyboard */; };
		9ADC2E6423CFFCF6004BD951 /* GitHub_CITests.swift in Sources */ = {isa = PBXBuildFile; fileRef = 9ADC2E6323CFFCF6004BD951 /* GitHub_CITests.swift */; };
		9ADC2E7523D00109004BD951 /* Mintfile in Resources */ = {isa = PBXBuildFile; fileRef = 9ADC2E7323D00109004BD951 /* Mintfile */; };
		9ADC2E7623D00109004BD951 /* Gemfile in Resources */ = {isa = PBXBuildFile; fileRef = 9ADC2E7423D00109004BD951 /* Gemfile */; };
		9ADC2E7823D0024D004BD951 /* bootstrap.sh in Resources */ = {isa = PBXBuildFile; fileRef = 9ADC2E7723D0024D004BD951 /* bootstrap.sh */; };
/* End PBXBuildFile section */

/* Begin PBXContainerItemProxy section */
		9ADC2E6023CFFCF6004BD951 /* PBXContainerItemProxy */ = {
			isa = PBXContainerItemProxy;
			containerPortal = 9ADC2E4123CFFCED004BD951 /* Project object */;
			proxyType = 1;
			remoteGlobalIDString = 9ADC2E4823CFFCED004BD951;
			remoteInfo = "GitHub-CI";
		};
/* End PBXContainerItemProxy section */

/* Begin PBXFileReference section */
		9ADC2E4923CFFCED004BD951 /* GitHub-CI.app */ = {isa = PBXFileReference; explicitFileType = wrapper.application; includeInIndex = 0; path = "GitHub-CI.app"; sourceTree = BUILT_PRODUCTS_DIR; };
		9ADC2E4C23CFFCED004BD951 /* AppDelegate.swift */ = {isa = PBXFileReference; lastKnownFileType = sourcecode.swift; path = AppDelegate.swift; sourceTree = "<group>"; };
		9ADC2E4E23CFFCED004BD951 /* SceneDelegate.swift */ = {isa = PBXFileReference; lastKnownFileType = sourcecode.swift; path = SceneDelegate.swift; sourceTree = "<group>"; };
		9ADC2E5023CFFCED004BD951 /* ViewController.swift */ = {isa = PBXFileReference; lastKnownFileType = sourcecode.swift; path = ViewController.swift; sourceTree = "<group>"; };
		9ADC2E5323CFFCED004BD951 /* Base */ = {isa = PBXFileReference; lastKnownFileType = file.storyboard; name = Base; path = Base.lproj/Main.storyboard; sourceTree = "<group>"; };
		9ADC2E5523CFFCF6004BD951 /* Assets.xcassets */ = {isa = PBXFileReference; lastKnownFileType = folder.assetcatalog; path = Assets.xcassets; sourceTree = "<group>"; };
		9ADC2E5823CFFCF6004BD951 /* Base */ = {isa = PBXFileReference; lastKnownFileType = file.storyboard; name = Base; path = Base.lproj/LaunchScreen.storyboard; sourceTree = "<group>"; };
		9ADC2E5A23CFFCF6004BD951 /* Info.plist */ = {isa = PBXFileReference; lastKnownFileType = text.plist.xml; path = Info.plist; sourceTree = "<group>"; };
		9ADC2E5F23CFFCF6004BD951 /* GitHub-CITests.xctest */ = {isa = PBXFileReference; explicitFileType = wrapper.cfbundle; includeInIndex = 0; path = "GitHub-CITests.xctest"; sourceTree = BUILT_PRODUCTS_DIR; };
		9ADC2E6323CFFCF6004BD951 /* GitHub_CITests.swift */ = {isa = PBXFileReference; lastKnownFileType = sourcecode.swift; path = GitHub_CITests.swift; sourceTree = "<group>"; };
		9ADC2E6523CFFCF6004BD951 /* Info.plist */ = {isa = PBXFileReference; lastKnownFileType = text.plist.xml; path = Info.plist; sourceTree = "<group>"; };
		9ADC2E7323D00109004BD951 /* Mintfile */ = {isa = PBXFileReference; fileEncoding = 4; lastKnownFileType = text; path = Mintfile; sourceTree = SOURCE_ROOT; };
		9ADC2E7423D00109004BD951 /* Gemfile */ = {isa = PBXFileReference; fileEncoding = 4; lastKnownFileType = text; path = Gemfile; sourceTree = SOURCE_ROOT; };
		9ADC2E7723D0024D004BD951 /* bootstrap.sh */ = {isa = PBXFileReference; fileEncoding = 4; lastKnownFileType = text.script.sh; path = bootstrap.sh; sourceTree = "<group>"; };
/* End PBXFileReference section */

/* Begin PBXFrameworksBuildPhase section */
		9ADC2E4623CFFCED004BD951 /* Frameworks */ = {
			isa = PBXFrameworksBuildPhase;
			buildActionMask = 2147483647;
			files = (
			);
			runOnlyForDeploymentPostprocessing = 0;
		};
		9ADC2E5C23CFFCF6004BD951 /* Frameworks */ = {
			isa = PBXFrameworksBuildPhase;
			buildActionMask = 2147483647;
			files = (
			);
			runOnlyForDeploymentPostprocessing = 0;
		};
/* End PBXFrameworksBuildPhase section */

/* Begin PBXGroup section */
		9ADC2E4023CFFCED004BD951 = {
			isa = PBXGroup;
			children = (
				9ADC2E7223D00087004BD951 /* Scripts */,
				9ADC2E4B23CFFCED004BD951 /* GitHub-CI */,
				9ADC2E6223CFFCF6004BD951 /* GitHub-CITests */,
				9ADC2E4A23CFFCED004BD951 /* Products */,
			);
			sourceTree = "<group>";
		};
		9ADC2E4A23CFFCED004BD951 /* Products */ = {
			isa = PBXGroup;
			children = (
				9ADC2E4923CFFCED004BD951 /* GitHub-CI.app */,
				9ADC2E5F23CFFCF6004BD951 /* GitHub-CITests.xctest */,
			);
			name = Products;
			sourceTree = "<group>";
		};
		9ADC2E4B23CFFCED004BD951 /* GitHub-CI */ = {
			isa = PBXGroup;
			children = (
				9ADC2E4C23CFFCED004BD951 /* AppDelegate.swift */,
				9ADC2E4E23CFFCED004BD951 /* SceneDelegate.swift */,
				9ADC2E5023CFFCED004BD951 /* ViewController.swift */,
				9ADC2E5223CFFCED004BD951 /* Main.storyboard */,
				9ADC2E5523CFFCF6004BD951 /* Assets.xcassets */,
				9ADC2E5723CFFCF6004BD951 /* LaunchScreen.storyboard */,
				9ADC2E5A23CFFCF6004BD951 /* Info.plist */,
			);
			path = "GitHub-CI";
			sourceTree = "<group>";
		};
		9ADC2E6223CFFCF6004BD951 /* GitHub-CITests */ = {
			isa = PBXGroup;
			children = (
				9ADC2E6323CFFCF6004BD951 /* GitHub_CITests.swift */,
				9ADC2E6523CFFCF6004BD951 /* Info.plist */,
			);
			path = "GitHub-CITests";
			sourceTree = "<group>";
		};
		9ADC2E7223D00087004BD951 /* Scripts */ = {
			isa = PBXGroup;
			children = (
				9ADC2E7723D0024D004BD951 /* bootstrap.sh */,
				9ADC2E7423D00109004BD951 /* Gemfile */,
				9ADC2E7323D00109004BD951 /* Mintfile */,
			);
			name = Scripts;
			sourceTree = "<group>";
		};
/* End PBXGroup section */

/* Begin PBXNativeTarget section */
		9ADC2E4823CFFCED004BD951 /* GitHub-CI */ = {
			isa = PBXNativeTarget;
			buildConfigurationList = 9ADC2E6823CFFCF6004BD951 /* Build configuration list for PBXNativeTarget "GitHub-CI" */;
			buildPhases = (
				9ADC2E4523CFFCED004BD951 /* Sources */,
				9ADC2E4623CFFCED004BD951 /* Frameworks */,
				9ADC2E4723CFFCED004BD951 /* Resources */,
			);
			buildRules = (
			);
			dependencies = (
			);
			name = "GitHub-CI";
			productName = "GitHub-CI";
			productReference = 9ADC2E4923CFFCED004BD951 /* GitHub-CI.app */;
			productType = "com.apple.product-type.application";
		};
		9ADC2E5E23CFFCF6004BD951 /* GitHub-CITests */ = {
			isa = PBXNativeTarget;
			buildConfigurationList = 9ADC2E6B23CFFCF6004BD951 /* Build configuration list for PBXNativeTarget "GitHub-CITests" */;
			buildPhases = (
				9ADC2E5B23CFFCF6004BD951 /* Sources */,
				9ADC2E5C23CFFCF6004BD951 /* Frameworks */,
				9ADC2E5D23CFFCF6004BD951 /* Resources */,
			);
			buildRules = (
			);
			dependencies = (
				9ADC2E6123CFFCF6004BD951 /* PBXTargetDependency */,
			);
			name = "GitHub-CITests";
			productName = "GitHub-CITests";
			productReference = 9ADC2E5F23CFFCF6004BD951 /* GitHub-CITests.xctest */;
			productType = "com.apple.product-type.bundle.unit-test";
		};
/* End PBXNativeTarget section */

/* Begin PBXProject section */
		9ADC2E4123CFFCED004BD951 /* Project object */ = {
			isa = PBXProject;
			attributes = {
				LastSwiftUpdateCheck = 1120;
				LastUpgradeCheck = 1120;
				ORGANIZATIONNAME = EagleSoft;
				TargetAttributes = {
					9ADC2E4823CFFCED004BD951 = {
						CreatedOnToolsVersion = 11.2.1;
					};
					9ADC2E5E23CFFCF6004BD951 = {
						CreatedOnToolsVersion = 11.2.1;
						TestTargetID = 9ADC2E4823CFFCED004BD951;
					};
				};
			};
			buildConfigurationList = 9ADC2E4423CFFCED004BD951 /* Build configuration list for PBXProject "GitHub-CI" */;
			compatibilityVersion = "Xcode 9.3";
			developmentRegion = en;
			hasScannedForEncodings = 0;
			knownRegions = (
				en,
				Base,
			);
			mainGroup = 9ADC2E4023CFFCED004BD951;
			productRefGroup = 9ADC2E4A23CFFCED004BD951 /* Products */;
			projectDirPath = "";
			projectRoot = "";
			targets = (
				9ADC2E4823CFFCED004BD951 /* GitHub-CI */,
				9ADC2E5E23CFFCF6004BD951 /* GitHub-CITests */,
			);
		};
/* End PBXProject section */

/* Begin PBXResourcesBuildPhase section */
		9ADC2E4723CFFCED004BD951 /* Resources */ = {
			isa = PBXResourcesBuildPhase;
			buildActionMask = 2147483647;
			files = (
				9ADC2E7523D00109004BD951 /* Mintfile in Resources */,
				9ADC2E5923CFFCF6004BD951 /* LaunchScreen.storyboard in Resources */,
				9ADC2E7623D00109004BD951 /* Gemfile in Resources */,
				9ADC2E5623CFFCF6004BD951 /* Assets.xcassets in Resources */,
				9ADC2E5423CFFCED004BD951 /* Main.storyboard in Resources */,
				9ADC2E7823D0024D004BD951 /* bootstrap.sh in Resources */,
			);
			runOnlyForDeploymentPostprocessing = 0;
		};
		9ADC2E5D23CFFCF6004BD951 /* Resources */ = {
			isa = PBXResourcesBuildPhase;
			buildActionMask = 2147483647;
			files = (
			);
			runOnlyForDeploymentPostprocessing = 0;
		};
/* End PBXResourcesBuildPhase section */

/* Begin PBXSourcesBuildPhase section */
		9ADC2E4523CFFCED004BD951 /* Sources */ = {
			isa = PBXSourcesBuildPhase;
			buildActionMask = 2147483647;
			files = (
				9ADC2E5123CFFCED004BD951 /* ViewController.swift in Sources */,
				9ADC2E4D23CFFCED004BD951 /* AppDelegate.swift in Sources */,
				9ADC2E4F23CFFCED004BD951 /* SceneDelegate.swift in Sources */,
			);
			runOnlyForDeploymentPostprocessing = 0;
		};
		9ADC2E5B23CFFCF6004BD951 /* Sources */ = {
			isa = PBXSourcesBuildPhase;
			buildActionMask = 2147483647;
			files = (
				9ADC2E6423CFFCF6004BD951 /* GitHub_CITests.swift in Sources */,
			);
			runOnlyForDeploymentPostprocessing = 0;
		};
/* End PBXSourcesBuildPhase section */

/* Begin PBXTargetDependency section */
		9ADC2E6123CFFCF6004BD951 /* PBXTargetDependency */ = {
			isa = PBXTargetDependency;
			target = 9ADC2E4823CFFCED004BD951 /* GitHub-CI */;
			targetProxy = 9ADC2E6023CFFCF6004BD951 /* PBXContainerItemProxy */;
		};
/* End PBXTargetDependency section */

/* Begin PBXVariantGroup section */
		9ADC2E5223CFFCED004BD951 /* Main.storyboard */ = {
			isa = PBXVariantGroup;
			children = (
				9ADC2E5323CFFCED004BD951 /* Base */,
			);
			name = Main.storyboard;
			sourceTree = "<group>";
		};
		9ADC2E5723CFFCF6004BD951 /* LaunchScreen.storyboard */ = {
			isa = PBXVariantGroup;
			children = (
				9ADC2E5823CFFCF6004BD951 /* Base */,
			);
			name = LaunchScreen.storyboard;
			sourceTree = "<group>";
		};
/* End PBXVariantGroup section */

/* Begin XCBuildConfiguration section */
		9ADC2E6623CFFCF6004BD951 /* Debug */ = {
			isa = XCBuildConfiguration;
			buildSettings = {
				ALWAYS_SEARCH_USER_PATHS = NO;
				CLANG_ANALYZER_NONNULL = YES;
				CLANG_ANALYZER_NUMBER_OBJECT_CONVERSION = YES_AGGRESSIVE;
				CLANG_CXX_LANGUAGE_STANDARD = "gnu++14";
				CLANG_CXX_LIBRARY = "libc++";
				CLANG_ENABLE_MODULES = YES;
				CLANG_ENABLE_OBJC_ARC = YES;
				CLANG_ENABLE_OBJC_WEAK = YES;
				CLANG_WARN_BLOCK_CAPTURE_AUTORELEASING = YES;
				CLANG_WARN_BOOL_CONVERSION = YES;
				CLANG_WARN_COMMA = YES;
				CLANG_WARN_CONSTANT_CONVERSION = YES;
				CLANG_WARN_DEPRECATED_OBJC_IMPLEMENTATIONS = YES;
				CLANG_WARN_DIRECT_OBJC_ISA_USAGE = YES_ERROR;
				CLANG_WARN_DOCUMENTATION_COMMENTS = YES;
				CLANG_WARN_EMPTY_BODY = YES;
				CLANG_WARN_ENUM_CONVERSION = YES;
				CLANG_WARN_INFINITE_RECURSION = YES;
				CLANG_WARN_INT_CONVERSION = YES;
				CLANG_WARN_NON_LITERAL_NULL_CONVERSION = YES;
				CLANG_WARN_OBJC_IMPLICIT_RETAIN_SELF = YES;
				CLANG_WARN_OBJC_LITERAL_CONVERSION = YES;
				CLANG_WARN_OBJC_ROOT_CLASS = YES_ERROR;
				CLANG_WARN_RANGE_LOOP_ANALYSIS = YES;
				CLANG_WARN_STRICT_PROTOTYPES = YES;
				CLANG_WARN_SUSPICIOUS_MOVE = YES;
				CLANG_WARN_UNGUARDED_AVAILABILITY = YES_AGGRESSIVE;
				CLANG_WARN_UNREACHABLE_CODE = YES;
				CLANG_WARN__DUPLICATE_METHOD_MATCH = YES;
				COPY_PHASE_STRIP = NO;
				DEBUG_INFORMATION_FORMAT = dwarf;
				ENABLE_STRICT_OBJC_MSGSEND = YES;
				ENABLE_TESTABILITY = YES;
				GCC_C_LANGUAGE_STANDARD = gnu11;
				GCC_DYNAMIC_NO_PIC = NO;
				GCC_NO_COMMON_BLOCKS = YES;
				GCC_OPTIMIZATION_LEVEL = 0;
				GCC_PREPROCESSOR_DEFINITIONS = (
					"DEBUG=1",
					"$(inherited)",
				);
				GCC_WARN_64_TO_32_BIT_CONVERSION = YES;
				GCC_WARN_ABOUT_RETURN_TYPE = YES_ERROR;
				GCC_WARN_UNDECLARED_SELECTOR = YES;
				GCC_WARN_UNINITIALIZED_AUTOS = YES_AGGRESSIVE;
				GCC_WARN_UNUSED_FUNCTION = YES;
				GCC_WARN_UNUSED_VARIABLE = YES;
				IPHONEOS_DEPLOYMENT_TARGET = 13.2;
				MTL_ENABLE_DEBUG_INFO = INCLUDE_SOURCE;
				MTL_FAST_MATH = YES;
				ONLY_ACTIVE_ARCH = YES;
				SDKROOT = iphoneos;
				SWIFT_ACTIVE_COMPILATION_CONDITIONS = DEBUG;
				SWIFT_OPTIMIZATION_LEVEL = "-Onone";
			};
			name = Debug;
		};
		9ADC2E6723CFFCF6004BD951 /* Release */ = {
			isa = XCBuildConfiguration;
			buildSettings = {
				ALWAYS_SEARCH_USER_PATHS = NO;
				CLANG_ANALYZER_NONNULL = YES;
				CLANG_ANALYZER_NUMBER_OBJECT_CONVERSION = YES_AGGRESSIVE;
				CLANG_CXX_LANGUAGE_STANDARD = "gnu++14";
				CLANG_CXX_LIBRARY = "libc++";
				CLANG_ENABLE_MODULES = YES;
				CLANG_ENABLE_OBJC_ARC = YES;
				CLANG_ENABLE_OBJC_WEAK = YES;
				CLANG_WARN_BLOCK_CAPTURE_AUTORELEASING = YES;
				CLANG_WARN_BOOL_CONVERSION = YES;
				CLANG_WARN_COMMA = YES;
				CLANG_WARN_CONSTANT_CONVERSION = YES;
				CLANG_WARN_DEPRECATED_OBJC_IMPLEMENTATIONS = YES;
				CLANG_WARN_DIRECT_OBJC_ISA_USAGE = YES_ERROR;
				CLANG_WARN_DOCUMENTATION_COMMENTS = YES;
				CLANG_WARN_EMPTY_BODY = YES;
				CLANG_WARN_ENUM_CONVERSION = YES;
				CLANG_WARN_INFINITE_RECURSION = YES;
				CLANG_WARN_INT_CONVERSION = YES;
				CLANG_WARN_NON_LITERAL_NULL_CONVERSION = YES;
				CLANG_WARN_OBJC_IMPLICIT_RETAIN_SELF = YES;
				CLANG_WARN_OBJC_LITERAL_CONVERSION = YES;
				CLANG_WARN_OBJC_ROOT_CLASS = YES_ERROR;
				CLANG_WARN_RANGE_LOOP_ANALYSIS = YES;
				CLANG_WARN_STRICT_PROTOTYPES = YES;
				CLANG_WARN_SUSPICIOUS_MOVE = YES;
				CLANG_WARN_UNGUARDED_AVAILABILITY = YES_AGGRESSIVE;
				CLANG_WARN_UNREACHABLE_CODE = YES;
				CLANG_WARN__DUPLICATE_METHOD_MATCH = YES;
				COPY_PHASE_STRIP = NO;
				DEBUG_INFORMATION_FORMAT = "dwarf-with-dsym";
				ENABLE_NS_ASSERTIONS = NO;
				ENABLE_STRICT_OBJC_MSGSEND = YES;
				GCC_C_LANGUAGE_STANDARD = gnu11;
				GCC_NO_COMMON_BLOCKS = YES;
				GCC_WARN_64_TO_32_BIT_CONVERSION = YES;
				GCC_WARN_ABOUT_RETURN_TYPE = YES_ERROR;
				GCC_WARN_UNDECLARED_SELECTOR = YES;
				GCC_WARN_UNINITIALIZED_AUTOS = YES_AGGRESSIVE;
				GCC_WARN_UNUSED_FUNCTION = YES;
				GCC_WARN_UNUSED_VARIABLE = YES;
				IPHONEOS_DEPLOYMENT_TARGET = 13.2;
				MTL_ENABLE_DEBUG_INFO = NO;
				MTL_FAST_MATH = YES;
				SDKROOT = iphoneos;
				SWIFT_COMPILATION_MODE = wholemodule;
				SWIFT_OPTIMIZATION_LEVEL = "-O";
				VALIDATE_PRODUCT = YES;
			};
			name = Release;
		};
		9ADC2E6923CFFCF6004BD951 /* Debug */ = {
			isa = XCBuildConfiguration;
			buildSettings = {
				ASSETCATALOG_COMPILER_APPICON_NAME = AppIcon;
				CODE_SIGN_STYLE = Automatic;
				DEVELOPMENT_TEAM = KD78328KFK;
				INFOPLIST_FILE = "GitHub-CI/Info.plist";
				LD_RUNPATH_SEARCH_PATHS = (
					"$(inherited)",
					"@executable_path/Frameworks",
				);
				PRODUCT_BUNDLE_IDENTIFIER = "dev.eaglesoft.GitHub-CI";
				PRODUCT_NAME = "$(TARGET_NAME)";
				SWIFT_VERSION = 5.0;
				TARGETED_DEVICE_FAMILY = "1,2";
			};
			name = Debug;
		};
		9ADC2E6A23CFFCF6004BD951 /* Release */ = {
			isa = XCBuildConfiguration;
			buildSettings = {
				ASSETCATALOG_COMPILER_APPICON_NAME = AppIcon;
				CODE_SIGN_STYLE = Automatic;
				DEVELOPMENT_TEAM = KD78328KFK;
				INFOPLIST_FILE = "GitHub-CI/Info.plist";
				LD_RUNPATH_SEARCH_PATHS = (
					"$(inherited)",
					"@executable_path/Frameworks",
				);
				PRODUCT_BUNDLE_IDENTIFIER = "dev.eaglesoft.GitHub-CI";
				PRODUCT_NAME = "$(TARGET_NAME)";
				SWIFT_VERSION = 5.0;
				TARGETED_DEVICE_FAMILY = "1,2";
			};
			name = Release;
		};
		9ADC2E6C23CFFCF6004BD951 /* Debug */ = {
			isa = XCBuildConfiguration;
			buildSettings = {
				ALWAYS_EMBED_SWIFT_STANDARD_LIBRARIES = YES;
				BUNDLE_LOADER = "$(TEST_HOST)";
				CODE_SIGN_STYLE = Automatic;
				DEVELOPMENT_TEAM = KD78328KFK;
				INFOPLIST_FILE = "GitHub-CITests/Info.plist";
				IPHONEOS_DEPLOYMENT_TARGET = 13.2;
				LD_RUNPATH_SEARCH_PATHS = (
					"$(inherited)",
					"@executable_path/Frameworks",
					"@loader_path/Frameworks",
				);
				PRODUCT_BUNDLE_IDENTIFIER = "dev.eaglesoft.GitHub-CITests";
				PRODUCT_NAME = "$(TARGET_NAME)";
				SWIFT_VERSION = 5.0;
				TARGETED_DEVICE_FAMILY = "1,2";
				TEST_HOST = "$(BUILT_PRODUCTS_DIR)/GitHub-CI.app/GitHub-CI";
			};
			name = Debug;
		};
		9ADC2E6D23CFFCF6004BD951 /* Release */ = {
			isa = XCBuildConfiguration;
			buildSettings = {
				ALWAYS_EMBED_SWIFT_STANDARD_LIBRARIES = YES;
				BUNDLE_LOADER = "$(TEST_HOST)";
				CODE_SIGN_STYLE = Automatic;
				DEVELOPMENT_TEAM = KD78328KFK;
				INFOPLIST_FILE = "GitHub-CITests/Info.plist";
				IPHONEOS_DEPLOYMENT_TARGET = 13.2;
				LD_RUNPATH_SEARCH_PATHS = (
					"$(inherited)",
					"@executable_path/Frameworks",
					"@loader_path/Frameworks",
				);
				PRODUCT_BUNDLE_IDENTIFIER = "dev.eaglesoft.GitHub-CITests";
				PRODUCT_NAME = "$(TARGET_NAME)";
				SWIFT_VERSION = 5.0;
				TARGETED_DEVICE_FAMILY = "1,2";
				TEST_HOST = "$(BUILT_PRODUCTS_DIR)/GitHub-CI.app/GitHub-CI";
			};
			name = Release;
		};
/* End XCBuildConfiguration section */

/* Begin XCConfigurationList section */
		9ADC2E4423CFFCED004BD951 /* Build configuration list for PBXProject "GitHub-CI" */ = {
			isa = XCConfigurationList;
			buildConfigurations = (
				9ADC2E6623CFFCF6004BD951 /* Debug */,
				9ADC2E6723CFFCF6004BD951 /* Release */,
			);
			defaultConfigurationIsVisible = 0;
			defaultConfigurationName = Release;
		};
		9ADC2E6823CFFCF6004BD951 /* Build configuration list for PBXNativeTarget "GitHub-CI" */ = {
			isa = XCConfigurationList;
			buildConfigurations = (
				9ADC2E6923CFFCF6004BD951 /* Debug */,
				9ADC2E6A23CFFCF6004BD951 /* Release */,
			);
			defaultConfigurationIsVisible = 0;
			defaultConfigurationName = Release;
		};
		9ADC2E6B23CFFCF6004BD951 /* Build configuration list for PBXNativeTarget "GitHub-CITests" */ = {
			isa = XCConfigurationList;
			buildConfigurations = (
				9ADC2E6C23CFFCF6004BD951 /* Debug */,
				9ADC2E6D23CFFCF6004BD951 /* Release */,
			);
			defaultConfigurationIsVisible = 0;
			defaultConfigurationName = Release;
		};
/* End XCConfigurationList section */
	};
	rootObject = 9ADC2E4123CFFCED004BD951 /* Project object */;
}
